{
  "name": "vulkan-ref",
  "version": "1.0.0",
  "lockfileVersion": 3,
  "requires": true,
  "packages": {
    "": {
      "name": "vulkan-ref",
      "version": "1.0.0",
      "license": "CC-BY-NC-SA-4.0",
      "dependencies": {
        "topic-pages": "github:SpaceTravelCompany/topic-pages#main"
      }
    },
    "node_modules/marked": {
      "version": "18.0.6",
      "resolved": "https://registry.npmjs.org/marked/-/marked-18.0.6.tgz",
      "integrity": "sha512-MrV5puXBfuiy6wl6DLaq3BtIJQAJToAd5zt/ZKhRfGRAuFPALE7/4Y7jnxRQoEgK/pBgurGqLyAuRgZ2xOjr6w==",
      "license": "MIT",
      "bin": {
        "marked": "bin/marked.js"
      },
      "engines": {
        "node": ">= 20"
      }
    },
    "node_modules/topic-pages": {
      "version": "1.0.0",
      "resolved": "git+ssh://git@github.com/SpaceTravelCompany/topic-pages.git#98e15655a5c1c3927cab6cd469420cfa3de01457",
      "license": "MIT",
      "dependencies": {
        "marked": "^18.0.2"
      },
      "bin": {
        "topic-pages": "bin/topic-pages.mjs"
      },
      "engines": {
        "node": ">=18"
      }
    }
  }
}
