{
  "name": "vulkan-ref",
  "version": "1.0.0",
  "lockfileVersion": 3,
  "requires": true,
  "packages": {
    "": {
      "name": "vulkan-ref",
      "version": "1.0.0",
      "license": "CC-BY-NC-SA-4.0",
      "dependencies": {
        "topic-pages": "github:SpaceTravelCompany/topic-pages#main"
      }
    },
    "node_modules/marked": {
      "version": "18.0.5",
      "resolved": "https://registry.npmjs.org/marked/-/marked-18.0.5.tgz",
      "integrity": "sha512-S6GcvALHg6K4ohtu4E7x0a1AqhAjp6cV8KhLSyN9qVapnzJkusVBxZRcIU9AeYsbe6P1hKDusSbEOzGyyuce6w==",
      "license": "MIT",
      "bin": {
        "marked": "bin/marked.js"
      },
      "engines": {
        "node": ">= 20"
      }
    },
    "node_modules/topic-pages": {
      "version": "1.0.0",
      "resolved": "git+ssh://git@github.com/SpaceTravelCompany/topic-pages.git#3bfba259e103c191e4cfc6a726608932f8a6203c",
      "license": "MIT",
      "dependencies": {
        "marked": "^18.0.2"
      },
      "bin": {
        "topic-pages": "bin/topic-pages.mjs"
      },
      "engines": {
        "node": ">=18"
      }
    }
  }
}
