{
  "name": "vulkan-ref",
  "version": "1.0.0",
  "lockfileVersion": 3,
  "requires": true,
  "packages": {
    "": {
      "name": "vulkan-ref",
      "version": "1.0.0",
      "license": "CC-BY-NC-SA-4.0",
      "dependencies": {
        "topic-pages": "github:SpaceTravelCompany/topic-pages#main"
      }
    },
    "node_modules/marked": {
      "version": "18.0.6",
      "license": "MIT",
      "bin": {
        "marked": "bin/marked.js"
      },
      "engines": {
        "node": ">= 20"
      }
    },
    "node_modules/topic-pages": {
      "version": "1.0.0",
      "resolved": "git+ssh://git@github.com/SpaceTravelCompany/topic-pages.git#6d18b76bd3cd6029802cb8ad92cb425b82f92055",
      "license": "MIT",
      "dependencies": {
        "marked": "^18.0.2"
      },
      "bin": {
        "topic-pages": "bin/topic-pages.mjs"
      },
      "engines": {
        "node": ">=18"
      }
    }
  }
}
